
Microsoft Visual Studio Solution File, Format Version 12.00
# Visual Studio Version 17
VisualStudioVersion = 17.14.37012.4 d17.14
MinimumVisualStudioVersion = 10.0.40219.1
Project("{FAE04EC0-301F-11D3-BF4B-00C04F79EFBC}") = "Web", "Web\Web.csproj", "{5901FCF3-53F3-42B1-8F6B-44F37374EC51}"
EndProject
Project("{FAE04EC0-301F-11D3-BF4B-00C04F79EFBC}") = "Abstracciones", "Abstracciones\Abstracciones.csproj", "{1BF61978-52C6-4045-B692-87C0BBD4C570}"
EndProject
Project("{FAE04EC0-301F-11D3-BF4B-00C04F79EFBC}") = "Reglas", "Reglas\Reglas.csproj", "{8B6A7C57-AAEE-495C-AC61-F3881B13BD9A}"
EndProject
Global
	GlobalSection(SolutionConfigurationPlatforms) = preSolution
		Debug|Any CPU = Debug|Any CPU
		Release|Any CPU = Release|Any CPU
	EndGlobalSection
	GlobalSection(ProjectConfigurationPlatforms) = postSolution
		{5901FCF3-53F3-42B1-8F6B-44F37374EC51}.Debug|Any CPU.ActiveCfg = Debug|Any CPU
		{5901FCF3-53F3-42B1-8F6B-44F37374EC51}.Debug|Any CPU.Build.0 = Debug|Any CPU
		{5901FCF3-53F3-42B1-8F6B-44F37374EC51}.Release|Any CPU.ActiveCfg = Release|Any CPU
		{5901FCF3-53F3-42B1-8F6B-44F37374EC51}.Release|Any CPU.Build.0 = Release|Any CPU
		{1BF61978-52C6-4045-B692-87C0BBD4C570}.Debug|Any CPU.ActiveCfg = Debug|Any CPU
		{1BF61978-52C6-4045-B692-87C0BBD4C570}.Debug|Any CPU.Build.0 = Debug|Any CPU
		{1BF61978-52C6-4045-B692-87C0BBD4C570}.Release|Any CPU.ActiveCfg = Release|Any CPU
		{1BF61978-52C6-4045-B692-87C0BBD4C570}.Release|Any CPU.Build.0 = Release|Any CPU
		{8B6A7C57-AAEE-495C-AC61-F3881B13BD9A}.Debug|Any CPU.ActiveCfg = Debug|Any CPU
		{8B6A7C57-AAEE-495C-AC61-F3881B13BD9A}.Debug|Any CPU.Build.0 = Debug|Any CPU
		{8B6A7C57-AAEE-495C-AC61-F3881B13BD9A}.Release|Any CPU.ActiveCfg = Release|Any CPU
		{8B6A7C57-AAEE-495C-AC61-F3881B13BD9A}.Release|Any CPU.Build.0 = Release|Any CPU
	EndGlobalSection
	GlobalSection(SolutionProperties) = preSolution
		HideSolutionNode = FALSE
	EndGlobalSection
	GlobalSection(ExtensibilityGlobals) = postSolution
		SolutionGuid = {A658C305-E03F-48C6-B5B7-85FD59DECE28}
	EndGlobalSection
EndGlobal
